
Microsoft Visual Studio Solution File, Format Version 12.00
# Visual Studio Version 16
VisualStudioVersion = 16.0.29911.84
MinimumVisualStudioVersion = 10.0.40219.1
Project("{FAE04EC0-301F-11D3-BF4B-00C04F79EFBC}") = "DLL.DAO", "DLL.DAO\DLL.DAO.csproj", "{E084FE13-6931-4B92-B79A-7FE98045A376}"
EndProject
Project("{FAE04EC0-301F-11D3-BF4B-00C04F79EFBC}") = "DLL.DATA", "DLL.DATA\DLL.DATA.csproj", "{9DC899E3-11C2-413B-A053-B57AC6D05F4F}"
EndProject
Project("{FAE04EC0-301F-11D3-BF4B-00C04F79EFBC}") = "DLL.DTO", "DLL.DTO\DLL.DTO.csproj", "{1EE0F075-AD51-457F-A2F0-9BA3E39F80FD}"
EndProject
Project("{FAE04EC0-301F-11D3-BF4B-00C04F79EFBC}") = "DLL.NEGOCIO", "DLL.NEGOCIO\DLL.NEGOCIO.csproj", "{92096F6D-F9C5-495F-81C2-D507CFB021CB}"
EndProject
Project("{2150E333-8FDC-42A3-9474-1A3956D46DE8}") = "DataAccess", "DataAccess", "{823152A2-66E2-4C06-B33A-B5C162DB93A6}"
EndProject
Project("{2150E333-8FDC-42A3-9474-1A3956D46DE8}") = "Web", "Web", "{CAF48691-E1DA-4F73-B22F-7CFD34D7D13A}"
EndProject
Project("{FAE04EC0-301F-11D3-BF4B-00C04F79EFBC}") = "ConductorEnRed", "WebApplication1\ConductorEnRed.csproj", "{461A2708-5DA9-4689-8228-7BFF5C136AA0}"
EndProject
Global
	GlobalSection(SolutionConfigurationPlatforms) = preSolution
		Debug|Any CPU = Debug|Any CPU
		Release|Any CPU = Release|Any CPU
	EndGlobalSection
	GlobalSection(ProjectConfigurationPlatforms) = postSolution
		{E084FE13-6931-4B92-B79A-7FE98045A376}.Debug|Any CPU.ActiveCfg = Debug|Any CPU
		{E084FE13-6931-4B92-B79A-7FE98045A376}.Debug|Any CPU.Build.0 = Debug|Any CPU
		{E084FE13-6931-4B92-B79A-7FE98045A376}.Release|Any CPU.ActiveCfg = Release|Any CPU
		{E084FE13-6931-4B92-B79A-7FE98045A376}.Release|Any CPU.Build.0 = Release|Any CPU
		{9DC899E3-11C2-413B-A053-B57AC6D05F4F}.Debug|Any CPU.ActiveCfg = Debug|Any CPU
		{9DC899E3-11C2-413B-A053-B57AC6D05F4F}.Debug|Any CPU.Build.0 = Debug|Any CPU
		{9DC899E3-11C2-413B-A053-B57AC6D05F4F}.Release|Any CPU.ActiveCfg = Release|Any CPU
		{9DC899E3-11C2-413B-A053-B57AC6D05F4F}.Release|Any CPU.Build.0 = Release|Any CPU
		{1EE0F075-AD51-457F-A2F0-9BA3E39F80FD}.Debug|Any CPU.ActiveCfg = Debug|Any CPU
		{1EE0F075-AD51-457F-A2F0-9BA3E39F80FD}.Debug|Any CPU.Build.0 = Debug|Any CPU
		{1EE0F075-AD51-457F-A2F0-9BA3E39F80FD}.Release|Any CPU.ActiveCfg = Release|Any CPU
		{1EE0F075-AD51-457F-A2F0-9BA3E39F80FD}.Release|Any CPU.Build.0 = Release|Any CPU
		{92096F6D-F9C5-495F-81C2-D507CFB021CB}.Debug|Any CPU.ActiveCfg = Debug|Any CPU
		{92096F6D-F9C5-495F-81C2-D507CFB021CB}.Debug|Any CPU.Build.0 = Debug|Any CPU
		{92096F6D-F9C5-495F-81C2-D507CFB021CB}.Release|Any CPU.ActiveCfg = Release|Any CPU
		{92096F6D-F9C5-495F-81C2-D507CFB021CB}.Release|Any CPU.Build.0 = Release|Any CPU
		{461A2708-5DA9-4689-8228-7BFF5C136AA0}.Debug|Any CPU.ActiveCfg = Debug|Any CPU
		{461A2708-5DA9-4689-8228-7BFF5C136AA0}.Debug|Any CPU.Build.0 = Debug|Any CPU
		{461A2708-5DA9-4689-8228-7BFF5C136AA0}.Release|Any CPU.ActiveCfg = Release|Any CPU
		{461A2708-5DA9-4689-8228-7BFF5C136AA0}.Release|Any CPU.Build.0 = Release|Any CPU
	EndGlobalSection
	GlobalSection(SolutionProperties) = preSolution
		HideSolutionNode = FALSE
	EndGlobalSection
	GlobalSection(NestedProjects) = preSolution
		{E084FE13-6931-4B92-B79A-7FE98045A376} = {823152A2-66E2-4C06-B33A-B5C162DB93A6}
		{9DC899E3-11C2-413B-A053-B57AC6D05F4F} = {823152A2-66E2-4C06-B33A-B5C162DB93A6}
		{1EE0F075-AD51-457F-A2F0-9BA3E39F80FD} = {823152A2-66E2-4C06-B33A-B5C162DB93A6}
		{92096F6D-F9C5-495F-81C2-D507CFB021CB} = {823152A2-66E2-4C06-B33A-B5C162DB93A6}
		{461A2708-5DA9-4689-8228-7BFF5C136AA0} = {CAF48691-E1DA-4F73-B22F-7CFD34D7D13A}
	EndGlobalSection
	GlobalSection(ExtensibilityGlobals) = postSolution
		SolutionGuid = {049369A1-C062-4604-AF90-5C6CBE130337}
	EndGlobalSection
EndGlobal
